
Microsoft Visual Studio Solution File, Format Version 12.00
# Visual Studio 15
VisualStudioVersion = 15.0.27130.2010
MinimumVisualStudioVersion = 10.0.40219.1
Project("{9A19103F-16F7-4668-BE54-9A1E7A4F7556}") = "PSConcurrent", "PSConcurrent\PSConcurrent.csproj", "{2B5C5AC5-A744-4C7D-B818-9B4F55F9E04E}"
EndProject
Project("{9A19103F-16F7-4668-BE54-9A1E7A4F7556}") = "PSConcurrent.Tests", "PSConcurrent.Tests\PSConcurrent.Tests.csproj", "{39CD69D2-363F-4B98-9226-464E871E64E0}"
EndProject
Project("{2150E333-8FDC-42A3-9474-1A3956D46DE8}") = ".root", ".root", "{D834E32C-21DD-4EDB-90BC-96B518BC99A8}"
	ProjectSection(SolutionItems) = preProject
		.gitattributes = .gitattributes
		.gitignore = .gitignore
		CHANGES.md = CHANGES.md
		General.props = General.props
		LICENSE.txt = LICENSE.txt
		README.md = README.md
		Set-Version.ps1 = Set-Version.ps1
	EndProjectSection
EndProject
Global
	GlobalSection(SolutionConfigurationPlatforms) = preSolution
		Debug|Any CPU = Debug|Any CPU
		Release|Any CPU = Release|Any CPU
	EndGlobalSection
	GlobalSection(ProjectConfigurationPlatforms) = postSolution
		{2B5C5AC5-A744-4C7D-B818-9B4F55F9E04E}.Debug|Any CPU.ActiveCfg = Debug|Any CPU
		{2B5C5AC5-A744-4C7D-B818-9B4F55F9E04E}.Debug|Any CPU.Build.0 = Debug|Any CPU
		{2B5C5AC5-A744-4C7D-B818-9B4F55F9E04E}.Release|Any CPU.ActiveCfg = Release|Any CPU
		{2B5C5AC5-A744-4C7D-B818-9B4F55F9E04E}.Release|Any CPU.Build.0 = Release|Any CPU
		{39CD69D2-363F-4B98-9226-464E871E64E0}.Debug|Any CPU.ActiveCfg = Debug|Any CPU
		{39CD69D2-363F-4B98-9226-464E871E64E0}.Debug|Any CPU.Build.0 = Debug|Any CPU
		{39CD69D2-363F-4B98-9226-464E871E64E0}.Release|Any CPU.ActiveCfg = Release|Any CPU
		{39CD69D2-363F-4B98-9226-464E871E64E0}.Release|Any CPU.Build.0 = Release|Any CPU
	EndGlobalSection
	GlobalSection(SolutionProperties) = preSolution
		HideSolutionNode = FALSE
	EndGlobalSection
	GlobalSection(ExtensibilityGlobals) = postSolution
		SolutionGuid = {8C259213-47B8-4D53-BF36-D802A8E80414}
	EndGlobalSection
EndGlobal
